
Microsoft Visual Studio Solution File, Format Version 12.00
# Visual Studio 15
VisualStudioVersion = 15.0.27130.2010
MinimumVisualStudioVersion = 10.0.40219.1
Project("{2150E333-8FDC-42A3-9474-1A3956D46DE8}") = "01SiteUI", "01SiteUI", "{E9750571-DC63-4C79-8317-D091BCF38B5A}"
EndProject
Project("{2150E333-8FDC-42A3-9474-1A3956D46DE8}") = "02SiteFrame", "02SiteFrame", "{3B147592-3CE2-47E7-B3B0-93F7556B6EB1}"
EndProject
Project("{2150E333-8FDC-42A3-9474-1A3956D46DE8}") = "03SiteCommon", "03SiteCommon", "{C48E807A-8883-465E-9A9E-B8BCA3112342}"
EndProject
Project("{2150E333-8FDC-42A3-9474-1A3956D46DE8}") = "04SiteService", "04SiteService", "{7009A3FF-12D8-4D7F-A045-9F04BA9D3C8D}"
EndProject
Project("{2150E333-8FDC-42A3-9474-1A3956D46DE8}") = "05SiteWCF", "05SiteWCF", "{14709D39-DA8B-47BB-96B0-98B15F9169C1}"
EndProject
Project("{2150E333-8FDC-42A3-9474-1A3956D46DE8}") = "06SiteDAL", "06SiteDAL", "{7FA2EBA0-44C4-4207-92D9-E2C046659229}"
EndProject
Project("{2150E333-8FDC-42A3-9474-1A3956D46DE8}") = "07SiteModel", "07SiteModel", "{8CABB3ED-7B29-4F50-A6CB-20E535C9CB89}"
EndProject
Project("{2150E333-8FDC-42A3-9474-1A3956D46DE8}") = "08WinFormTask", "08WinFormTask", "{D3DA5617-54D7-457A-B4DF-936BA5ED759B}"
EndProject
Project("{FAE04EC0-301F-11D3-BF4B-00C04F79EFBC}") = "Site.Admin", "Site.Admin\Site.Admin.csproj", "{AE69081F-9052-4735-A361-5453F7FA2E66}"
EndProject
Project("{FAE04EC0-301F-11D3-BF4B-00C04F79EFBC}") = "SiteFrame.BLL", "SiteFrame.BLL\SiteFrame.BLL.csproj", "{DE086305-954E-41F2-86D5-600B1C6C3B79}"
EndProject
Project("{FAE04EC0-301F-11D3-BF4B-00C04F79EFBC}") = "SiteFrame.DAL", "SiteFrame.DAL\SiteFrame.DAL.csproj", "{8E2BA006-6F1E-48AB-8BAE-A94E6CD9848E}"
EndProject
Project("{FAE04EC0-301F-11D3-BF4B-00C04F79EFBC}") = "SiteFrame.Model", "SiteFrame.Model\SiteFrame.Model.csproj", "{56C86615-9439-4FBD-A920-9D5415CFCBB8}"
EndProject
Project("{FAE04EC0-301F-11D3-BF4B-00C04F79EFBC}") = "Site.Common", "Site.Common\Site.Common.csproj", "{D3AC3E16-D643-4F46-8ACC-8F29BEB4A02B}"
EndProject
Project("{FAE04EC0-301F-11D3-BF4B-00C04F79EFBC}") = "Site.CustomException", "Site.CustomException\Site.CustomException.csproj", "{33B7A0A7-0C68-4AC4-AE4D-07702403FBBD}"
EndProject
Project("{FAE04EC0-301F-11D3-BF4B-00C04F79EFBC}") = "Site.GenerateHtml", "Site.GenerateHtml\Site.GenerateHtml.csproj", "{FFE1ECBD-6594-4A99-AF44-BE79F42FC088}"
EndProject
Project("{FAE04EC0-301F-11D3-BF4B-00C04F79EFBC}") = "Site.LuceneCreate", "Site.LuceneCreate\Site.LuceneCreate.csproj", "{AA47B06E-F83F-4204-B933-9D08AF9495D0}"
EndProject
Project("{FAE04EC0-301F-11D3-BF4B-00C04F79EFBC}") = "Site.Memcached", "Site.Memcached\Site.Memcached.csproj", "{71B59681-2D03-4C74-8247-069DC69B5FE8}"
EndProject
Project("{FAE04EC0-301F-11D3-BF4B-00C04F79EFBC}") = "Site.SentMail", "Site.SentMail\Site.SentMail.csproj", "{AE20DDEC-D876-492D-9204-C66A2AF7129C}"
EndProject
Project("{FAE04EC0-301F-11D3-BF4B-00C04F79EFBC}") = "Site.SystemLog", "Site.SystemLog\Site.SystemLog.csproj", "{E61551A0-79E7-4C31-BE5B-37E9CBA546E2}"
EndProject
Project("{FAE04EC0-301F-11D3-BF4B-00C04F79EFBC}") = "Site.Service.SiteService", "Site.Service.SiteService\Site.Service.SiteService.csproj", "{1DAFD112-E7B1-44EE-A2EE-97C3407233A6}"
EndProject
Project("{FAE04EC0-301F-11D3-BF4B-00C04F79EFBC}") = "Site.Service.UploadService", "Site.Service.UploadService\Site.Service.UploadService.csproj", "{A4526EBE-F146-432D-B8C3-430DFE349560}"
EndProject
Project("{FAE04EC0-301F-11D3-BF4B-00C04F79EFBC}") = "Site.WCF.SiteService", "Site.WCF.SiteService\Site.WCF.SiteService.csproj", "{175DA364-2479-46A5-80BD-1CE3A0E349B5}"
EndProject
Project("{FAE04EC0-301F-11D3-BF4B-00C04F79EFBC}") = "Site.WCF.UploadService", "Site.WCF.UploadService\Site.WCF.UploadService.csproj", "{7D478926-C7B2-411D-B026-24EF01BD38C4}"
EndProject
Project("{FAE04EC0-301F-11D3-BF4B-00C04F79EFBC}") = "Site.SiteAccess", "Site.SiteAccess\Site.SiteAccess.csproj", "{45C856C2-63B5-45C2-825C-4D9BB33302FB}"
EndProject
Project("{FAE04EC0-301F-11D3-BF4B-00C04F79EFBC}") = "Site.SiteModel", "Site.SiteModel\Site.SiteModel.csproj", "{229D2B95-7B9C-462D-B0F7-377B8635EC24}"
EndProject
Project("{FAE04EC0-301F-11D3-BF4B-00C04F79EFBC}") = "Site.LuceneCreateService", "Site.LuceneCreateService\Site.LuceneCreateService.csproj", "{5BCB1343-4796-4355-9E36-323EB918C611}"
EndProject
Project("{FAE04EC0-301F-11D3-BF4B-00C04F79EFBC}") = "Site.Main", "Site.Main\Site.Main.csproj", "{1C5998AF-C258-4AA0-8E8B-4D846840582F}"
EndProject
Project("{FAE04EC0-301F-11D3-BF4B-00C04F79EFBC}") = "Site.WCF.PublishPageService", "Site.WCF.PublishPageService\Site.WCF.PublishPageService.csproj", "{E89DE413-3118-4310-A298-650300AB4FFC}"
EndProject
Project("{FAE04EC0-301F-11D3-BF4B-00C04F79EFBC}") = "Site.YuYangModel", "Site.YuYangModel\Site.YuYangModel.csproj", "{0B600F16-5A64-437B-B29A-D95827AFAB12}"
EndProject
Project("{FAE04EC0-301F-11D3-BF4B-00C04F79EFBC}") = "Site.YuYangAccess", "Site.YuYangAccess\Site.YuYangAccess.csproj", "{DF1BB5C1-B403-4895-B8B2-FE3525BF94E2}"
EndProject
Project("{FAE04EC0-301F-11D3-BF4B-00C04F79EFBC}") = "Site.WCF.YuYangService", "Site.WCF.YuYangService\Site.WCF.YuYangService.csproj", "{E6965767-666C-4571-91F9-86F2D633B5A1}"
EndProject
Project("{FAE04EC0-301F-11D3-BF4B-00C04F79EFBC}") = "Site.Service.YuYangService", "Site.Service.YuYangService\Site.Service.YuYangService.csproj", "{4BE70F7F-F682-4953-93E7-AC42B7A12359}"
EndProject
Global
	GlobalSection(SolutionConfigurationPlatforms) = preSolution
		Debug|Any CPU = Debug|Any CPU
		Release|Any CPU = Release|Any CPU
	EndGlobalSection
	GlobalSection(ProjectConfigurationPlatforms) = postSolution
		{AE69081F-9052-4735-A361-5453F7FA2E66}.Debug|Any CPU.ActiveCfg = Debug|Any CPU
		{AE69081F-9052-4735-A361-5453F7FA2E66}.Debug|Any CPU.Build.0 = Debug|Any CPU
		{AE69081F-9052-4735-A361-5453F7FA2E66}.Release|Any CPU.ActiveCfg = Release|Any CPU
		{AE69081F-9052-4735-A361-5453F7FA2E66}.Release|Any CPU.Build.0 = Release|Any CPU
		{DE086305-954E-41F2-86D5-600B1C6C3B79}.Debug|Any CPU.ActiveCfg = Debug|Any CPU
		{DE086305-954E-41F2-86D5-600B1C6C3B79}.Debug|Any CPU.Build.0 = Debug|Any CPU
		{DE086305-954E-41F2-86D5-600B1C6C3B79}.Release|Any CPU.ActiveCfg = Release|Any CPU
		{DE086305-954E-41F2-86D5-600B1C6C3B79}.Release|Any CPU.Build.0 = Release|Any CPU
		{8E2BA006-6F1E-48AB-8BAE-A94E6CD9848E}.Debug|Any CPU.ActiveCfg = Debug|Any CPU
		{8E2BA006-6F1E-48AB-8BAE-A94E6CD9848E}.Debug|Any CPU.Build.0 = Debug|Any CPU
		{8E2BA006-6F1E-48AB-8BAE-A94E6CD9848E}.Release|Any CPU.ActiveCfg = Release|Any CPU
		{8E2BA006-6F1E-48AB-8BAE-A94E6CD9848E}.Release|Any CPU.Build.0 = Release|Any CPU
		{56C86615-9439-4FBD-A920-9D5415CFCBB8}.Debug|Any CPU.ActiveCfg = Debug|Any CPU
		{56C86615-9439-4FBD-A920-9D5415CFCBB8}.Debug|Any CPU.Build.0 = Debug|Any CPU
		{56C86615-9439-4FBD-A920-9D5415CFCBB8}.Release|Any CPU.ActiveCfg = Release|Any CPU
		{56C86615-9439-4FBD-A920-9D5415CFCBB8}.Release|Any CPU.Build.0 = Release|Any CPU
		{D3AC3E16-D643-4F46-8ACC-8F29BEB4A02B}.Debug|Any CPU.ActiveCfg = Debug|Any CPU
		{D3AC3E16-D643-4F46-8ACC-8F29BEB4A02B}.Debug|Any CPU.Build.0 = Debug|Any CPU
		{D3AC3E16-D643-4F46-8ACC-8F29BEB4A02B}.Release|Any CPU.ActiveCfg = Release|Any CPU
		{D3AC3E16-D643-4F46-8ACC-8F29BEB4A02B}.Release|Any CPU.Build.0 = Release|Any CPU
		{33B7A0A7-0C68-4AC4-AE4D-07702403FBBD}.Debug|Any CPU.ActiveCfg = Debug|Any CPU
		{33B7A0A7-0C68-4AC4-AE4D-07702403FBBD}.Debug|Any CPU.Build.0 = Debug|Any CPU
		{33B7A0A7-0C68-4AC4-AE4D-07702403FBBD}.Release|Any CPU.ActiveCfg = Release|Any CPU
		{33B7A0A7-0C68-4AC4-AE4D-07702403FBBD}.Release|Any CPU.Build.0 = Release|Any CPU
		{FFE1ECBD-6594-4A99-AF44-BE79F42FC088}.Debug|Any CPU.ActiveCfg = Debug|Any CPU
		{FFE1ECBD-6594-4A99-AF44-BE79F42FC088}.Debug|Any CPU.Build.0 = Debug|Any CPU
		{FFE1ECBD-6594-4A99-AF44-BE79F42FC088}.Release|Any CPU.ActiveCfg = Release|Any CPU
		{FFE1ECBD-6594-4A99-AF44-BE79F42FC088}.Release|Any CPU.Build.0 = Release|Any CPU
		{AA47B06E-F83F-4204-B933-9D08AF9495D0}.Debug|Any CPU.ActiveCfg = Debug|Any CPU
		{AA47B06E-F83F-4204-B933-9D08AF9495D0}.Debug|Any CPU.Build.0 = Debug|Any CPU
		{AA47B06E-F83F-4204-B933-9D08AF9495D0}.Release|Any CPU.ActiveCfg = Release|Any CPU
		{AA47B06E-F83F-4204-B933-9D08AF9495D0}.Release|Any CPU.Build.0 = Release|Any CPU
		{71B59681-2D03-4C74-8247-069DC69B5FE8}.Debug|Any CPU.ActiveCfg = Debug|Any CPU
		{71B59681-2D03-4C74-8247-069DC69B5FE8}.Debug|Any CPU.Build.0 = Debug|Any CPU
		{71B59681-2D03-4C74-8247-069DC69B5FE8}.Release|Any CPU.ActiveCfg = Release|Any CPU
		{71B59681-2D03-4C74-8247-069DC69B5FE8}.Release|Any CPU.Build.0 = Release|Any CPU
		{AE20DDEC-D876-492D-9204-C66A2AF7129C}.Debug|Any CPU.ActiveCfg = Debug|Any CPU
		{AE20DDEC-D876-492D-9204-C66A2AF7129C}.Debug|Any CPU.Build.0 = Debug|Any CPU
		{AE20DDEC-D876-492D-9204-C66A2AF7129C}.Release|Any CPU.ActiveCfg = Release|Any CPU
		{AE20DDEC-D876-492D-9204-C66A2AF7129C}.Release|Any CPU.Build.0 = Release|Any CPU
		{E61551A0-79E7-4C31-BE5B-37E9CBA546E2}.Debug|Any CPU.ActiveCfg = Debug|Any CPU
		{E61551A0-79E7-4C31-BE5B-37E9CBA546E2}.Debug|Any CPU.Build.0 = Debug|Any CPU
		{E61551A0-79E7-4C31-BE5B-37E9CBA546E2}.Release|Any CPU.ActiveCfg = Release|Any CPU
		{E61551A0-79E7-4C31-BE5B-37E9CBA546E2}.Release|Any CPU.Build.0 = Release|Any CPU
		{1DAFD112-E7B1-44EE-A2EE-97C3407233A6}.Debug|Any CPU.ActiveCfg = Debug|Any CPU
		{1DAFD112-E7B1-44EE-A2EE-97C3407233A6}.Debug|Any CPU.Build.0 = Debug|Any CPU
		{1DAFD112-E7B1-44EE-A2EE-97C3407233A6}.Release|Any CPU.ActiveCfg = Release|Any CPU
		{1DAFD112-E7B1-44EE-A2EE-97C3407233A6}.Release|Any CPU.Build.0 = Release|Any CPU
		{A4526EBE-F146-432D-B8C3-430DFE349560}.Debug|Any CPU.ActiveCfg = Debug|Any CPU
		{A4526EBE-F146-432D-B8C3-430DFE349560}.Debug|Any CPU.Build.0 = Debug|Any CPU
		{A4526EBE-F146-432D-B8C3-430DFE349560}.Release|Any CPU.ActiveCfg = Release|Any CPU
		{A4526EBE-F146-432D-B8C3-430DFE349560}.Release|Any CPU.Build.0 = Release|Any CPU
		{175DA364-2479-46A5-80BD-1CE3A0E349B5}.Debug|Any CPU.ActiveCfg = Debug|Any CPU
		{175DA364-2479-46A5-80BD-1CE3A0E349B5}.Debug|Any CPU.Build.0 = Debug|Any CPU
		{175DA364-2479-46A5-80BD-1CE3A0E349B5}.Release|Any CPU.ActiveCfg = Release|Any CPU
		{175DA364-2479-46A5-80BD-1CE3A0E349B5}.Release|Any CPU.Build.0 = Release|Any CPU
		{7D478926-C7B2-411D-B026-24EF01BD38C4}.Debug|Any CPU.ActiveCfg = Debug|Any CPU
		{7D478926-C7B2-411D-B026-24EF01BD38C4}.Debug|Any CPU.Build.0 = Debug|Any CPU
		{7D478926-C7B2-411D-B026-24EF01BD38C4}.Release|Any CPU.ActiveCfg = Release|Any CPU
		{7D478926-C7B2-411D-B026-24EF01BD38C4}.Release|Any CPU.Build.0 = Release|Any CPU
		{45C856C2-63B5-45C2-825C-4D9BB33302FB}.Debug|Any CPU.ActiveCfg = Debug|Any CPU
		{45C856C2-63B5-45C2-825C-4D9BB33302FB}.Debug|Any CPU.Build.0 = Debug|Any CPU
		{45C856C2-63B5-45C2-825C-4D9BB33302FB}.Release|Any CPU.ActiveCfg = Release|Any CPU
		{45C856C2-63B5-45C2-825C-4D9BB33302FB}.Release|Any CPU.Build.0 = Release|Any CPU
		{229D2B95-7B9C-462D-B0F7-377B8635EC24}.Debug|Any CPU.ActiveCfg = Debug|Any CPU
		{229D2B95-7B9C-462D-B0F7-377B8635EC24}.Debug|Any CPU.Build.0 = Debug|Any CPU
		{229D2B95-7B9C-462D-B0F7-377B8635EC24}.Release|Any CPU.ActiveCfg = Release|Any CPU
		{229D2B95-7B9C-462D-B0F7-377B8635EC24}.Release|Any CPU.Build.0 = Release|Any CPU
		{5BCB1343-4796-4355-9E36-323EB918C611}.Debug|Any CPU.ActiveCfg = Debug|Any CPU
		{5BCB1343-4796-4355-9E36-323EB918C611}.Debug|Any CPU.Build.0 = Debug|Any CPU
		{5BCB1343-4796-4355-9E36-323EB918C611}.Release|Any CPU.ActiveCfg = Release|Any CPU
		{5BCB1343-4796-4355-9E36-323EB918C611}.Release|Any CPU.Build.0 = Release|Any CPU
		{1C5998AF-C258-4AA0-8E8B-4D846840582F}.Debug|Any CPU.ActiveCfg = Debug|Any CPU
		{1C5998AF-C258-4AA0-8E8B-4D846840582F}.Debug|Any CPU.Build.0 = Debug|Any CPU
		{1C5998AF-C258-4AA0-8E8B-4D846840582F}.Release|Any CPU.ActiveCfg = Release|Any CPU
		{1C5998AF-C258-4AA0-8E8B-4D846840582F}.Release|Any CPU.Build.0 = Release|Any CPU
		{E89DE413-3118-4310-A298-650300AB4FFC}.Debug|Any CPU.ActiveCfg = Debug|Any CPU
		{E89DE413-3118-4310-A298-650300AB4FFC}.Debug|Any CPU.Build.0 = Debug|Any CPU
		{E89DE413-3118-4310-A298-650300AB4FFC}.Release|Any CPU.ActiveCfg = Release|Any CPU
		{E89DE413-3118-4310-A298-650300AB4FFC}.Release|Any CPU.Build.0 = Release|Any CPU
		{0B600F16-5A64-437B-B29A-D95827AFAB12}.Debug|Any CPU.ActiveCfg = Debug|Any CPU
		{0B600F16-5A64-437B-B29A-D95827AFAB12}.Debug|Any CPU.Build.0 = Debug|Any CPU
		{0B600F16-5A64-437B-B29A-D95827AFAB12}.Release|Any CPU.ActiveCfg = Release|Any CPU
		{0B600F16-5A64-437B-B29A-D95827AFAB12}.Release|Any CPU.Build.0 = Release|Any CPU
		{DF1BB5C1-B403-4895-B8B2-FE3525BF94E2}.Debug|Any CPU.ActiveCfg = Debug|Any CPU
		{DF1BB5C1-B403-4895-B8B2-FE3525BF94E2}.Debug|Any CPU.Build.0 = Debug|Any CPU
		{DF1BB5C1-B403-4895-B8B2-FE3525BF94E2}.Release|Any CPU.ActiveCfg = Release|Any CPU
		{DF1BB5C1-B403-4895-B8B2-FE3525BF94E2}.Release|Any CPU.Build.0 = Release|Any CPU
		{E6965767-666C-4571-91F9-86F2D633B5A1}.Debug|Any CPU.ActiveCfg = Debug|Any CPU
		{E6965767-666C-4571-91F9-86F2D633B5A1}.Debug|Any CPU.Build.0 = Debug|Any CPU
		{E6965767-666C-4571-91F9-86F2D633B5A1}.Release|Any CPU.ActiveCfg = Release|Any CPU
		{E6965767-666C-4571-91F9-86F2D633B5A1}.Release|Any CPU.Build.0 = Release|Any CPU
		{4BE70F7F-F682-4953-93E7-AC42B7A12359}.Debug|Any CPU.ActiveCfg = Debug|Any CPU
		{4BE70F7F-F682-4953-93E7-AC42B7A12359}.Debug|Any CPU.Build.0 = Debug|Any CPU
		{4BE70F7F-F682-4953-93E7-AC42B7A12359}.Release|Any CPU.ActiveCfg = Release|Any CPU
		{4BE70F7F-F682-4953-93E7-AC42B7A12359}.Release|Any CPU.Build.0 = Release|Any CPU
	EndGlobalSection
	GlobalSection(SolutionProperties) = preSolution
		HideSolutionNode = FALSE
	EndGlobalSection
	GlobalSection(NestedProjects) = preSolution
		{AE69081F-9052-4735-A361-5453F7FA2E66} = {E9750571-DC63-4C79-8317-D091BCF38B5A}
		{DE086305-954E-41F2-86D5-600B1C6C3B79} = {3B147592-3CE2-47E7-B3B0-93F7556B6EB1}
		{8E2BA006-6F1E-48AB-8BAE-A94E6CD9848E} = {3B147592-3CE2-47E7-B3B0-93F7556B6EB1}
		{56C86615-9439-4FBD-A920-9D5415CFCBB8} = {3B147592-3CE2-47E7-B3B0-93F7556B6EB1}
		{D3AC3E16-D643-4F46-8ACC-8F29BEB4A02B} = {C48E807A-8883-465E-9A9E-B8BCA3112342}
		{33B7A0A7-0C68-4AC4-AE4D-07702403FBBD} = {C48E807A-8883-465E-9A9E-B8BCA3112342}
		{FFE1ECBD-6594-4A99-AF44-BE79F42FC088} = {C48E807A-8883-465E-9A9E-B8BCA3112342}
		{AA47B06E-F83F-4204-B933-9D08AF9495D0} = {C48E807A-8883-465E-9A9E-B8BCA3112342}
		{71B59681-2D03-4C74-8247-069DC69B5FE8} = {C48E807A-8883-465E-9A9E-B8BCA3112342}
		{AE20DDEC-D876-492D-9204-C66A2AF7129C} = {C48E807A-8883-465E-9A9E-B8BCA3112342}
		{E61551A0-79E7-4C31-BE5B-37E9CBA546E2} = {C48E807A-8883-465E-9A9E-B8BCA3112342}
		{1DAFD112-E7B1-44EE-A2EE-97C3407233A6} = {7009A3FF-12D8-4D7F-A045-9F04BA9D3C8D}
		{A4526EBE-F146-432D-B8C3-430DFE349560} = {7009A3FF-12D8-4D7F-A045-9F04BA9D3C8D}
		{175DA364-2479-46A5-80BD-1CE3A0E349B5} = {14709D39-DA8B-47BB-96B0-98B15F9169C1}
		{7D478926-C7B2-411D-B026-24EF01BD38C4} = {14709D39-DA8B-47BB-96B0-98B15F9169C1}
		{45C856C2-63B5-45C2-825C-4D9BB33302FB} = {7FA2EBA0-44C4-4207-92D9-E2C046659229}
		{229D2B95-7B9C-462D-B0F7-377B8635EC24} = {8CABB3ED-7B29-4F50-A6CB-20E535C9CB89}
		{5BCB1343-4796-4355-9E36-323EB918C611} = {D3DA5617-54D7-457A-B4DF-936BA5ED759B}
		{1C5998AF-C258-4AA0-8E8B-4D846840582F} = {E9750571-DC63-4C79-8317-D091BCF38B5A}
		{E89DE413-3118-4310-A298-650300AB4FFC} = {14709D39-DA8B-47BB-96B0-98B15F9169C1}
		{0B600F16-5A64-437B-B29A-D95827AFAB12} = {8CABB3ED-7B29-4F50-A6CB-20E535C9CB89}
		{DF1BB5C1-B403-4895-B8B2-FE3525BF94E2} = {7FA2EBA0-44C4-4207-92D9-E2C046659229}
		{E6965767-666C-4571-91F9-86F2D633B5A1} = {14709D39-DA8B-47BB-96B0-98B15F9169C1}
		{4BE70F7F-F682-4953-93E7-AC42B7A12359} = {7009A3FF-12D8-4D7F-A045-9F04BA9D3C8D}
	EndGlobalSection
	GlobalSection(ExtensibilityGlobals) = postSolution
		EnterpriseLibraryConfigurationToolBinariesPathV6 = packages\EnterpriseLibrary.Common.6.0.1304.0\lib\NET45;packages\EnterpriseLibrary.Data.6.0.1304.0\lib\NET45
		SolutionGuid = {C3173AE3-6D75-47DD-B806-23FF93DD4269}
	EndGlobalSection
EndGlobal
